
Microsoft Visual Studio Solution File, Format Version 12.00
# Visual Studio Version 16
VisualStudioVersion = 16.0.32802.440
MinimumVisualStudioVersion = 10.0.40219.1
Project("{FAE04EC0-301F-11D3-BF4B-00C04F79EFBC}") = "BP.Api", "BP.Api\BP.Api.csproj", "{4ACC61EB-5185-4E19-82BE-0C07A95935D1}"
EndProject
Project("{FAE04EC0-301F-11D3-BF4B-00C04F79EFBC}") = "BP.Api.Models", "BP.Api.Models\BP.Api.Models.csproj", "{46D2AABE-54B8-4AF7-96DF-751CFDBDBE7F}"
EndProject
Global
	GlobalSection(SolutionConfigurationPlatforms) = preSolution
		Debug|Any CPU = Debug|Any CPU
		Release|Any CPU = Release|Any CPU
	EndGlobalSection
	GlobalSection(ProjectConfigurationPlatforms) = postSolution
		{4ACC61EB-5185-4E19-82BE-0C07A95935D1}.Debug|Any CPU.ActiveCfg = Debug|Any CPU
		{4ACC61EB-5185-4E19-82BE-0C07A95935D1}.Debug|Any CPU.Build.0 = Debug|Any CPU
		{4ACC61EB-5185-4E19-82BE-0C07A95935D1}.Release|Any CPU.ActiveCfg = Release|Any CPU
		{4ACC61EB-5185-4E19-82BE-0C07A95935D1}.Release|Any CPU.Build.0 = Release|Any CPU
		{46D2AABE-54B8-4AF7-96DF-751CFDBDBE7F}.Debug|Any CPU.ActiveCfg = Debug|Any CPU
		{46D2AABE-54B8-4AF7-96DF-751CFDBDBE7F}.Debug|Any CPU.Build.0 = Debug|Any CPU
		{46D2AABE-54B8-4AF7-96DF-751CFDBDBE7F}.Release|Any CPU.ActiveCfg = Release|Any CPU
		{46D2AABE-54B8-4AF7-96DF-751CFDBDBE7F}.Release|Any CPU.Build.0 = Release|Any CPU
	EndGlobalSection
	GlobalSection(SolutionProperties) = preSolution
		HideSolutionNode = FALSE
	EndGlobalSection
	GlobalSection(ExtensibilityGlobals) = postSolution
		SolutionGuid = {B916591D-24D4-4C07-9DE4-3704295F3739}
	EndGlobalSection
EndGlobal
